
Microsoft Visual Studio Solution File, Format Version 12.00
# Visual Studio Version 16
VisualStudioVersion = 16.0.31702.278
MinimumVisualStudioVersion = 10.0.40219.1
Project("{FAE04EC0-301F-11D3-BF4B-00C04F79EFBC}") = "2.1.AdivinaNumero", "2.1.AdivinaNumero\2.1.AdivinaNumero.csproj", "{9C253695-59C0-45EA-8958-18E0F796C9F5}"
EndProject
Global
	GlobalSection(SolutionConfigurationPlatforms) = preSolution
		Debug|Any CPU = Debug|Any CPU
		Release|Any CPU = Release|Any CPU
	EndGlobalSection
	GlobalSection(ProjectConfigurationPlatforms) = postSolution
		{9C253695-59C0-45EA-8958-18E0F796C9F5}.Debug|Any CPU.ActiveCfg = Debug|Any CPU
		{9C253695-59C0-45EA-8958-18E0F796C9F5}.Debug|Any CPU.Build.0 = Debug|Any CPU
		{9C253695-59C0-45EA-8958-18E0F796C9F5}.Release|Any CPU.ActiveCfg = Release|Any CPU
		{9C253695-59C0-45EA-8958-18E0F796C9F5}.Release|Any CPU.Build.0 = Release|Any CPU
	EndGlobalSection
	GlobalSection(SolutionProperties) = preSolution
		HideSolutionNode = FALSE
	EndGlobalSection
	GlobalSection(ExtensibilityGlobals) = postSolution
		SolutionGuid = {E8595B64-42C1-438A-8EFF-296B17BE2307}
	EndGlobalSection
EndGlobal
